
Microsoft Visual Studio Solution File, Format Version 12.00
# Visual Studio Version 16
VisualStudioVersion = 16.0.29123.88
MinimumVisualStudioVersion = 10.0.40219.1
Project("{FAE04EC0-301F-11D3-BF4B-00C04F79EFBC}") = "cw1", "cw1\cw1.csproj", "{194C1D0A-0FF2-4435-8B3A-933A23120233}"
EndProject
Global
	GlobalSection(SolutionConfigurationPlatforms) = preSolution
		Debug|Any CPU = Debug|Any CPU
		Release|Any CPU = Release|Any CPU
	EndGlobalSection
	GlobalSection(ProjectConfigurationPlatforms) = postSolution
		{194C1D0A-0FF2-4435-8B3A-933A23120233}.Debug|Any CPU.ActiveCfg = Debug|Any CPU
		{194C1D0A-0FF2-4435-8B3A-933A23120233}.Debug|Any CPU.Build.0 = Debug|Any CPU
		{194C1D0A-0FF2-4435-8B3A-933A23120233}.Release|Any CPU.ActiveCfg = Release|Any CPU
		{194C1D0A-0FF2-4435-8B3A-933A23120233}.Release|Any CPU.Build.0 = Release|Any CPU
	EndGlobalSection
	GlobalSection(SolutionProperties) = preSolution
		HideSolutionNode = FALSE
	EndGlobalSection
	GlobalSection(ExtensibilityGlobals) = postSolution
		SolutionGuid = {B4A5AE48-7201-4329-B455-67260A8E8334}
	EndGlobalSection
EndGlobal
